
Microsoft Visual Studio Solution File, Format Version 12.00
# Visual Studio 15
VisualStudioVersion = 15.0.27130.2024
MinimumVisualStudioVersion = 10.0.40219.1
Project("{FAE04EC0-301F-11D3-BF4B-00C04F79EFBC}") = "PostGetModel", "PostGetModel\PostGetModel.csproj", "{5E5B7535-BB19-49E7-855A-6E89624D2D2C}"
EndProject
Global
	GlobalSection(SolutionConfigurationPlatforms) = preSolution
		Debug|Any CPU = Debug|Any CPU
		Release|Any CPU = Release|Any CPU
	EndGlobalSection
	GlobalSection(ProjectConfigurationPlatforms) = postSolution
		{5E5B7535-BB19-49E7-855A-6E89624D2D2C}.Debug|Any CPU.ActiveCfg = Debug|Any CPU
		{5E5B7535-BB19-49E7-855A-6E89624D2D2C}.Debug|Any CPU.Build.0 = Debug|Any CPU
		{5E5B7535-BB19-49E7-855A-6E89624D2D2C}.Release|Any CPU.ActiveCfg = Release|Any CPU
		{5E5B7535-BB19-49E7-855A-6E89624D2D2C}.Release|Any CPU.Build.0 = Release|Any CPU
	EndGlobalSection
	GlobalSection(SolutionProperties) = preSolution
		HideSolutionNode = FALSE
	EndGlobalSection
	GlobalSection(ExtensibilityGlobals) = postSolution
		SolutionGuid = {C66227E2-B9BA-4A00-9992-FD351A3CC153}
	EndGlobalSection
EndGlobal
